// !$*UTF8*$!
{
	archiveVersion = 1;
	classes = {
	};
	objectVersion = 48;
	objects = {

/* Begin PBXBuildFile section */
		03F1C9DB223B814F00683B51 /* AppDelegate.m in Sources */ = {isa = PBXBuildFile; fileRef = 03F1C9DA223B814F00683B51 /* AppDelegate.m */; };
		03F1C9DE223B814F00683B51 /* ViewController.m in Sources */ = {isa = PBXBuildFile; fileRef = 03F1C9DD223B814F00683B51 /* ViewController.m */; };
		03F1C9E1223B814F00683B51 /* Main.storyboard in Resources */ = {isa = PBXBuildFile; fileRef = 03F1C9DF223B814F00683B51 /* Main.storyboard */; };
		03F1C9E3223B814F00683B51 /* Assets.xcassets in Resources */ = {isa = PBXBuildFile; fileRef = 03F1C9E2223B814F00683B51 /* Assets.xcassets */; };
		03F1C9E6223B814F00683B51 /* LaunchScreen.storyboard in Resources */ = {isa = PBXBuildFile; fileRef = 03F1C9E4223B814F00683B51 /* LaunchScreen.storyboard */; };
		03F1C9E9223B814F00683B51 /* main.m in Sources */ = {isa = PBXBuildFile; fileRef = 03F1C9E8223B814F00683B51 /* main.m */; };
/* End PBXBuildFile section */

/* Begin PBXFileReference section */
		03F1C9D6223B814F00683B51 /* Assignment1_1.app */ = {isa = PBXFileReference; explicitFileType = wrapper.application; includeInIndex = 0; path = Assignment1_1.app; sourceTree = BUILT_PRODUCTS_DIR; };
		03F1C9D9223B814F00683B51 /* AppDelegate.h */ = {isa = PBXFileReference; lastKnownFileType = sourcecode.c.h; path = AppDelegate.h; sourceTree = "<group>"; };
		03F1C9DA223B814F00683B51 /* AppDelegate.m */ = {isa = PBXFileReference; lastKnownFileType = sourcecode.c.objc; path = AppDelegate.m; sourceTree = "<group>"; };
		03F1C9DC223B814F00683B51 /* ViewController.h */ = {isa = PBXFileReference; lastKnownFileType = sourcecode.c.h; path = ViewController.h; sourceTree = "<group>"; };
		03F1C9DD223B814F00683B51 /* ViewController.m */ = {isa = PBXFileReference; lastKnownFileType = sourcecode.c.objc; path = ViewController.m; sourceTree = "<group>"; };
		03F1C9E0223B814F00683B51 /* Base */ = {isa = PBXFileReference; lastKnownFileType = file.storyboard; name = Base; path = Base.lproj/Main.storyboard; sourceTree = "<group>"; };
		03F1C9E2223B814F00683B51 /* Assets.xcassets */ = {isa = PBXFileReference; lastKnownFileType = folder.assetcatalog; path = Assets.xcassets; sourceTree = "<group>"; };
		03F1C9E5223B814F00683B51 /* Base */ = {isa = PBXFileReference; lastKnownFileType = file.storyboard; name = Base; path = Base.lproj/LaunchScreen.storyboard; sourceTree = "<group>"; };
		03F1C9E7223B814F00683B51 /* Info.plist */ = {isa = PBXFileReference; lastKnownFileType = text.plist.xml; path = Info.plist; sourceTree = "<group>"; };
		03F1C9E8223B814F00683B51 /* main.m */ = {isa = PBXFileReference; lastKnownFileType = sourcecode.c.objc; path = main.m; sourceTree = "<group>"; };
/* End PBXFileReference section */

/* Begin PBXFrameworksBuildPhase section */
		03F1C9D3223B814F00683B51 /* Frameworks */ = {
			isa = PBXFrameworksBuildPhase;
			buildActionMask = 2147483647;
			files = (
			);
			runOnlyForDeploymentPostprocessing = 0;
		};
/* End PBXFrameworksBuildPhase section */

/* Begin PBXGroup section */
		03F1C9CD223B814F00683B51 = {
			isa = PBXGroup;
			children = (
				03F1C9D8223B814F00683B51 /* Assignment1_1 */,
				03F1C9D7223B814F00683B51 /* Products */,
			);
			sourceTree = "<group>";
		};
		03F1C9D7223B814F00683B51 /* Products */ = {
			isa = PBXGroup;
			children = (
				03F1C9D6223B814F00683B51 /* Assignment1_1.app */,
			);
			name = Products;
			sourceTree = "<group>";
		};
		03F1C9D8223B814F00683B51 /* Assignment1_1 */ = {
			isa = PBXGroup;
			children = (
				03F1C9D9223B814F00683B51 /* AppDelegate.h */,
				03F1C9DA223B814F00683B51 /* AppDelegate.m */,
				03F1C9DC223B814F00683B51 /* ViewController.h */,
				03F1C9DD223B814F00683B51 /* ViewController.m */,
				03F1C9DF223B814F00683B51 /* Main.storyboard */,
				03F1C9E2223B814F00683B51 /* Assets.xcassets */,
				03F1C9E4223B814F00683B51 /* LaunchScreen.storyboard */,
				03F1C9E7223B814F00683B51 /* Info.plist */,
				03F1C9E8223B814F00683B51 /* main.m */,
			);
			path = Assignment1_1;
			sourceTree = "<group>";
		};
/* End PBXGroup section */

/* Begin PBXNativeTarget section */
		03F1C9D5223B814F00683B51 /* Assignment1_1 */ = {
			isa = PBXNativeTarget;
			buildConfigurationList = 03F1C9EC223B814F00683B51 /* Build configuration list for PBXNativeTarget "Assignment1_1" */;
			buildPhases = (
				03F1C9D2223B814F00683B51 /* Sources */,
				03F1C9D3223B814F00683B51 /* Frameworks */,
				03F1C9D4223B814F00683B51 /* Resources */,
			);
			buildRules = (
			);
			dependencies = (
			);
			name = Assignment1_1;
			productName = Assignment1_1;
			productReference = 03F1C9D6223B814F00683B51 /* Assignment1_1.app */;
			productType = "com.apple.product-type.application";
		};
/* End PBXNativeTarget section */

/* Begin PBXProject section */
		03F1C9CE223B814F00683B51 /* Project object */ = {
			isa = PBXProject;
			attributes = {
				LastUpgradeCheck = 0920;
				ORGANIZATIONNAME = "Subhradeep ";
				TargetAttributes = {
					03F1C9D5223B814F00683B51 = {
						CreatedOnToolsVersion = 9.2;
						ProvisioningStyle = Automatic;
					};
				};
			};
			buildConfigurationList = 03F1C9D1223B814F00683B51 /* Build configuration list for PBXProject "Assignment1_1" */;
			compatibilityVersion = "Xcode 8.0";
			developmentRegion = en;
			hasScannedForEncodings = 0;
			knownRegions = (
				en,
				Base,
			);
			mainGroup = 03F1C9CD223B814F00683B51;
			productRefGroup = 03F1C9D7223B814F00683B51 /* Products */;
			projectDirPath = "";
			projectRoot = "";
			targets = (
				03F1C9D5223B814F00683B51 /* Assignment1_1 */,
			);
		};
/* End PBXProject section */

/* Begin PBXResourcesBuildPhase section */
		03F1C9D4223B814F00683B51 /* Resources */ = {
			isa = PBXResourcesBuildPhase;
			buildActionMask = 2147483647;
			files = (
				03F1C9E6223B814F00683B51 /* LaunchScreen.storyboard in Resources */,
				03F1C9E3223B814F00683B51 /* Assets.xcassets in Resources */,
				03F1C9E1223B814F00683B51 /* Main.storyboard in Resources */,
			);
			runOnlyForDeploymentPostprocessing = 0;
		};
/* End PBXResourcesBuildPhase section */

/* Begin PBXSourcesBuildPhase section */
		03F1C9D2223B814F00683B51 /* Sources */ = {
			isa = PBXSourcesBuildPhase;
			buildActionMask = 2147483647;
			files = (
				03F1C9DE223B814F00683B51 /* ViewController.m in Sources */,
				03F1C9E9223B814F00683B51 /* main.m in Sources */,
				03F1C9DB223B814F00683B51 /* AppDelegate.m in Sources */,
			);
			runOnlyForDeploymentPostprocessing = 0;
		};
/* End PBXSourcesBuildPhase section */

/* Begin PBXVariantGroup section */
		03F1C9DF223B814F00683B51 /* Main.storyboard */ = {
			isa = PBXVariantGroup;
			children = (
				03F1C9E0223B814F00683B51 /* Base */,
			);
			name = Main.storyboard;
			sourceTree = "<group>";
		};
		03F1C9E4223B814F00683B51 /* LaunchScreen.storyboard */ = {
			isa = PBXVariantGroup;
			children = (
				03F1C9E5223B814F00683B51 /* Base */,
			);
			name = LaunchScreen.storyboard;
			sourceTree = "<group>";
		};
/* End PBXVariantGroup section */

/* Begin XCBuildConfiguration section */
		03F1C9EA223B814F00683B51 /* Debug */ = {
			isa = XCBuildConfiguration;
			buildSettings = {
				ALWAYS_SEARCH_USER_PATHS = NO;
				CLANG_ANALYZER_NONNULL = YES;
				CLANG_ANALYZER_NUMBER_OBJECT_CONVERSION = YES_AGGRESSIVE;
				CLANG_CXX_LANGUAGE_STANDARD = "gnu++14";
				CLANG_CXX_LIBRARY = "libc++";
				CLANG_ENABLE_MODULES = YES;
				CLANG_ENABLE_OBJC_ARC = YES;
				CLANG_WARN_BLOCK_CAPTURE_AUTORELEASING = YES;
				CLANG_WARN_BOOL_CONVERSION = YES;
				CLANG_WARN_COMMA = YES;
				CLANG_WARN_CONSTANT_CONVERSION = YES;
				CLANG_WARN_DIRECT_OBJC_ISA_USAGE = YES_ERROR;
				CLANG_WARN_DOCUMENTATION_COMMENTS = YES;
				CLANG_WARN_EMPTY_BODY = YES;
				CLANG_WARN_ENUM_CONVERSION = YES;
				CLANG_WARN_INFINITE_RECURSION = YES;
				CLANG_WARN_INT_CONVERSION = YES;
				CLANG_WARN_NON_LITERAL_NULL_CONVERSION = YES;
				CLANG_WARN_OBJC_LITERAL_CONVERSION = YES;
				CLANG_WARN_OBJC_ROOT_CLASS = YES_ERROR;
				CLANG_WARN_RANGE_LOOP_ANALYSIS = YES;
				CLANG_WARN_STRICT_PROTOTYPES = YES;
				CLANG_WARN_SUSPICIOUS_MOVE = YES;
				CLANG_WARN_UNGUARDED_AVAILABILITY = YES_AGGRESSIVE;
				CLANG_WARN_UNREACHABLE_CODE = YES;
				CLANG_WARN__DUPLICATE_METHOD_MATCH = YES;
				CODE_SIGN_IDENTITY = "iPhone Developer";
				COPY_PHASE_STRIP = NO;
				DEBUG_INFORMATION_FORMAT = dwarf;
				ENABLE_STRICT_OBJC_MSGSEND = YES;
				ENABLE_TESTABILITY = YES;
				GCC_C_LANGUAGE_STANDARD = gnu11;
				GCC_DYNAMIC_NO_PIC = NO;
				GCC_NO_COMMON_BLOCKS = YES;
				GCC_OPTIMIZATION_LEVEL = 0;
				GCC_PREPROCESSOR_DEFINITIONS = (
					"DEBUG=1",
					"$(inherited)",
				);
				GCC_WARN_64_TO_32_BIT_CONVERSION = YES;
				GCC_WARN_ABOUT_RETURN_TYPE = YES_ERROR;
				GCC_WARN_UNDECLARED_SELECTOR = YES;
				GCC_WARN_UNINITIALIZED_AUTOS = YES_AGGRESSIVE;
				GCC_WARN_UNUSED_FUNCTION = YES;
				GCC_WARN_UNUSED_VARIABLE = YES;
				IPHONEOS_DEPLOYMENT_TARGET = 11.2;
				MTL_ENABLE_DEBUG_INFO = YES;
				ONLY_ACTIVE_ARCH = YES;
				SDKROOT = iphoneos;
			};
			name = Debug;
		};
		03F1C9EB223B814F00683B51 /* Release */ = {
			isa = XCBuildConfiguration;
			buildSettings = {
				ALWAYS_SEARCH_USER_PATHS = NO;
				CLANG_ANALYZER_NONNULL = YES;
				CLANG_ANALYZER_NUMBER_OBJECT_CONVERSION = YES_AGGRESSIVE;
				CLANG_CXX_LANGUAGE_STANDARD = "gnu++14";
				CLANG_CXX_LIBRARY = "libc++";
				CLANG_ENABLE_MODULES = YES;
				CLANG_ENABLE_OBJC_ARC = YES;
				CLANG_WARN_BLOCK_CAPTURE_AUTORELEASING = YES;
				CLANG_WARN_BOOL_CONVERSION = YES;
				CLANG_WARN_COMMA = YES;
				CLANG_WARN_CONSTANT_CONVERSION = YES;
				CLANG_WARN_DIRECT_OBJC_ISA_USAGE = YES_ERROR;
				CLANG_WARN_DOCUMENTATION_COMMENTS = YES;
				CLANG_WARN_EMPTY_BODY = YES;
				CLANG_WARN_ENUM_CONVERSION = YES;
				CLANG_WARN_INFINITE_RECURSION = YES;
				CLANG_WARN_INT_CONVERSION = YES;
				CLANG_WARN_NON_LITERAL_NULL_CONVERSION = YES;
				CLANG_WARN_OBJC_LITERAL_CONVERSION = YES;
				CLANG_WARN_OBJC_ROOT_CLASS = YES_ERROR;
				CLANG_WARN_RANGE_LOOP_ANALYSIS = YES;
				CLANG_WARN_STRICT_PROTOTYPES = YES;
				CLANG_WARN_SUSPICIOUS_MOVE = YES;
				CLANG_WARN_UNGUARDED_AVAILABILITY = YES_AGGRESSIVE;
				CLANG_WARN_UNREACHABLE_CODE = YES;
				CLANG_WARN__DUPLICATE_METHOD_MATCH = YES;
				CODE_SIGN_IDENTITY = "iPhone Developer";
				COPY_PHASE_STRIP = NO;
				DEBUG_INFORMATION_FORMAT = "dwarf-with-dsym";
				ENABLE_NS_ASSERTIONS = NO;
				ENABLE_STRICT_OBJC_MSGSEND = YES;
				GCC_C_LANGUAGE_STANDARD = gnu11;
				GCC_NO_COMMON_BLOCKS = YES;
				GCC_WARN_64_TO_32_BIT_CONVERSION = YES;
				GCC_WARN_ABOUT_RETURN_TYPE = YES_ERROR;
				GCC_WARN_UNDECLARED_SELECTOR = YES;
				GCC_WARN_UNINITIALIZED_AUTOS = YES_AGGRESSIVE;
				GCC_WARN_UNUSED_FUNCTION = YES;
				GCC_WARN_UNUSED_VARIABLE = YES;
				IPHONEOS_DEPLOYMENT_TARGET = 11.2;
				MTL_ENABLE_DEBUG_INFO = NO;
				SDKROOT = iphoneos;
				VALIDATE_PRODUCT = YES;
			};
			name = Release;
		};
		03F1C9ED223B814F00683B51 /* Debug */ = {
			isa = XCBuildConfiguration;
			buildSettings = {
				ASSETCATALOG_COMPILER_APPICON_NAME = AppIcon;
				CODE_SIGN_STYLE = Automatic;
				INFOPLIST_FILE = Assignment1_1/Info.plist;
				LD_RUNPATH_SEARCH_PATHS = "$(inherited) @executable_path/Frameworks";
				PRODUCT_BUNDLE_IDENTIFIER = "Subhradeep.Assignment1-1";
				PRODUCT_NAME = "$(TARGET_NAME)";
				TARGETED_DEVICE_FAMILY = "1,2";
			};
			name = Debug;
		};
		03F1C9EE223B814F00683B51 /* Release */ = {
			isa = XCBuildConfiguration;
			buildSettings = {
				ASSETCATALOG_COMPILER_APPICON_NAME = AppIcon;
				CODE_SIGN_STYLE = Automatic;
				INFOPLIST_FILE = Assignment1_1/Info.plist;
				LD_RUNPATH_SEARCH_PATHS = "$(inherited) @executable_path/Frameworks";
				PRODUCT_BUNDLE_IDENTIFIER = "Subhradeep.Assignment1-1";
				PRODUCT_NAME = "$(TARGET_NAME)";
				TARGETED_DEVICE_FAMILY = "1,2";
			};
			name = Release;
		};
/* End XCBuildConfiguration section */

/* Begin XCConfigurationList section */
		03F1C9D1223B814F00683B51 /* Build configuration list for PBXProject "Assignment1_1" */ = {
			isa = XCConfigurationList;
			buildConfigurations = (
				03F1C9EA223B814F00683B51 /* Debug */,
				03F1C9EB223B814F00683B51 /* Release */,
			);
			defaultConfigurationIsVisible = 0;
			defaultConfigurationName = Release;
		};
		03F1C9EC223B814F00683B51 /* Build configuration list for PBXNativeTarget "Assignment1_1" */ = {
			isa = XCConfigurationList;
			buildConfigurations = (
				03F1C9ED223B814F00683B51 /* Debug */,
				03F1C9EE223B814F00683B51 /* Release */,
			);
			defaultConfigurationIsVisible = 0;
			defaultConfigurationName = Release;
		};
/* End XCConfigurationList section */
	};
	rootObject = 03F1C9CE223B814F00683B51 /* Project object */;
}
